<?xml version="1.0" encoding="utf-8"?>
<Project ToolsVersion="4.0" xmlns="http://schemas.microsoft.com/developer/msbuild/2003">
  <ItemGroup>
    <FxCompile Include="Engine\Resources\Shaders\PS\ColorCorrectionShader.hlsl">
      <Filter>shader</Filter>
    </FxCompile>
    <FxCompile Include="Engine\Resources\Shaders\VS\Font.VS.hlsl">
      <Filter>shader</Filter>
    </FxCompile>
    <FxCompile Include="Engine\Resources\Shaders\PS\GrayscaleShader.hlsl">
      <Filter>shader</Filter>
    </FxCompile>
    <FxCompile Include="Engine\Resources\Shaders\PS\MSDF.PS.hlsl">
      <Filter>shader</Filter>
    </FxCompile>
    <FxCompile Include="Engine\Resources\Shaders\PS\Object3d.PS.hlsl">
      <Filter>shader</Filter>
    </FxCompile>
    <FxCompile Include="Engine\Resources\Shaders\VS\Object3d.VS.hlsl">
      <Filter>shader</Filter>
    </FxCompile>
    <FxCompile Include="Engine\Resources\Shaders\PS\Particle.PS.hlsl">
      <Filter>shader</Filter>
    </FxCompile>
    <FxCompile Include="Engine\Resources\Shaders\VS\Particle.VS.hlsl">
      <Filter>shader</Filter>
    </FxCompile>
    <FxCompile Include="Engine\Resources\Shaders\PS\Primitive.PS.hlsl">
      <Filter>shader</Filter>
    </FxCompile>
    <FxCompile Include="Engine\Resources\Shaders\VS\Primitive.VS.hlsl">
      <Filter>shader</Filter>
    </FxCompile>
    <FxCompile Include="Engine\Resources\Shaders\PS\Simple.PS.hlsl">
      <Filter>shader</Filter>
    </FxCompile>
    <FxCompile Include="Engine\Resources\Shaders\VS\Simple.VS.hlsl">
      <Filter>shader</Filter>
    </FxCompile>
    <FxCompile Include="Engine\Resources\Shaders\PS\VignetteShader.hlsl">
      <Filter>shader</Filter>
    </FxCompile>
    <FxCompile Include="Engine\Resources\Shaders\PS\PixcelShader.hlsl" />
  </ItemGroup>
  <ItemGroup>
    <ClCompile Include="Engine\Externals\imgui\imgui.cpp">
      <Filter>imgui</Filter>
    </ClCompile>
    <ClCompile Include="Engine\Externals\imgui\imgui-node-editor-0.9.3\imgui_canvas.cpp">
      <Filter>imgui</Filter>
    </ClCompile>
    <ClCompile Include="Engine\Externals\imgui\imgui_demo.cpp">
      <Filter>imgui</Filter>
    </ClCompile>
    <ClCompile Include="Engine\Externals\imgui\imgui_draw.cpp">
      <Filter>imgui</Filter>
    </ClCompile>
    <ClCompile Include="Engine\Externals\imgui\imgui_impl_dx12.cpp">
      <Filter>imgui</Filter>
    </ClCompile>
    <ClCompile Include="Engine\Externals\imgui\imgui_impl_win32.cpp">
      <Filter>imgui</Filter>
    </ClCompile>
    <ClCompile Include="Engine\Externals\imgui\imgui-node-editor-0.9.3\imgui_node_editor.cpp">
      <Filter>imgui</Filter>
    </ClCompile>
    <ClCompile Include="Engine\Externals\imgui\imgui-node-editor-0.9.3\imgui_node_editor_api.cpp">
      <Filter>imgui</Filter>
    </ClCompile>
    <ClCompile Include="Engine\Externals\imgui\imgui_tables.cpp">
      <Filter>imgui</Filter>
    </ClCompile>
    <ClCompile Include="Engine\Externals\imgui\imgui_toggle-main\imgui_toggle.cpp">
      <Filter>imgui</Filter>
    </ClCompile>
    <ClCompile Include="Engine\Externals\imgui\imgui_toggle-main\imgui_toggle_palette.cpp">
      <Filter>imgui</Filter>
    </ClCompile>
    <ClCompile Include="Engine\Externals\imgui\imgui_toggle-main\imgui_toggle_presets.cpp">
      <Filter>imgui</Filter>
    </ClCompile>
    <ClCompile Include="Engine\Externals\imgui\imgui_toggle-main\imgui_toggle_renderer.cpp">
      <Filter>imgui</Filter>
    </ClCompile>
    <ClCompile Include="Engine\Externals\imgui\imgui_widgets.cpp">
      <Filter>imgui</Filter>
    </ClCompile>
    <ClCompile Include="Engine\Platform\Windows\AppUtility\DebugTool\ImGui\FrameController\ImGuiFlameController.cpp">
      <Filter>imgui</Filter>
    </ClCompile>
    <ClCompile Include="Engine\Platform\Windows\AppUtility\DebugTool\ImGui\Initializer\ImGuiInitializer.cpp">
      <Filter>imgui</Filter>
    </ClCompile>
    <ClCompile Include="Engine\Externals\imgui\imgui-knobs-main\imgui-knobs.cpp">
      <Filter>imgui</Filter>
    </ClCompile>
    <ClCompile Include="Engine\Externals\imgui\ImGuizmo-1.83\ImGuizmo.cpp">
      <Filter>imgui</Filter>
    </ClCompile>
    <ClCompile Include="Engine\Externals\imgui\implot-master\implot.cpp">
      <Filter>imgui</Filter>
    </ClCompile>
    <ClCompile Include="Engine\Externals\imgui\implot-master\implot_items.cpp">
      <Filter>imgui</Filter>
    </ClCompile>
    <ClCompile Include="Engine\Externals\imgui\imgui-node-editor-0.9.3\crude_json.cpp">
      <Filter>external\sol2</Filter>
    </ClCompile>
    <ClCompile Include="Editor\UI\View\AssetsView.cpp">
      <Filter>source\editor</Filter>
    </ClCompile>
    <ClCompile Include="Editor\UI\View\ConsoleView.cpp">
      <Filter>source\editor</Filter>
    </ClCompile>
    <ClCompile Include="Editor\UI\View\EngineProfileView.cpp">
      <Filter>source\editor</Filter>
    </ClCompile>
    <ClCompile Include="Editor\UI\View\GameView.cpp">
      <Filter>source\editor</Filter>
    </ClCompile>
    <ClCompile Include="Editor\UI\View\HierarchyView.cpp">
      <Filter>source\editor</Filter>
    </ClCompile>
    <ClCompile Include="Editor\UI\View\InspectorView.cpp">
      <Filter>source\editor</Filter>
    </ClCompile>
    <ClCompile Include="Editor\UI\View\SceneView.cpp">
      <Filter>source\editor</Filter>
    </ClCompile>
    <ClCompile Include="Editor\UI\File\SaveScene.cpp">
      <Filter>source\engine\scene</Filter>
    </ClCompile>
    <ClCompile Include="Editor\UI\File\CreateNewScene.cpp">
      <Filter>source\editor</Filter>
    </ClCompile>
    <ClCompile Include="Editor\UI\File\LoadScene.cpp">
      <Filter>source\editor</Filter>
    </ClCompile>
    <ClCompile Include="Engine\Platform\Windows\Scene\SceneManager.cpp">
      <Filter>source\editor</Filter>
    </ClCompile>
    <ClCompile Include="Engine\Platform\Windows\Scene\SceneObject.cpp">
      <Filter>source\editor</Filter>
    </ClCompile>
    <ClCompile Include="Engine\Core\Math\Vector\Vector2.cpp">
      <Filter>source\engine\math</Filter>
    </ClCompile>
    <ClCompile Include="Engine\Core\Math\Vector\Vector3.cpp">
      <Filter>source\engine\math</Filter>
    </ClCompile>
    <ClCompile Include="Engine\Core\Math\Vector\Vector4.cpp">
      <Filter>source\engine\math</Filter>
    </ClCompile>
    <ClCompile Include="Engine\Core\Math\Matrix\Matrix2x2.cpp">
      <Filter>source\engine\math</Filter>
    </ClCompile>
    <ClCompile Include="Engine\Core\Math\Matrix\Matrix3x3.cpp">
      <Filter>source\engine\math</Filter>
    </ClCompile>
    <ClCompile Include="Engine\Core\Math\Matrix\Matrix4x4.cpp">
      <Filter>source\engine\math</Filter>
    </ClCompile>
    <ClCompile Include="Engine\Core\Math\Transform.cpp">
      <Filter>source\engine\math</Filter>
    </ClCompile>
    <ClCompile Include="Engine\Core\Math\AudioMath.cpp">
      <Filter>source\engine\math</Filter>
    </ClCompile>
    <ClCompile Include="Engine\Platform\Windows\Assets\AssetManager.cpp">
      <Filter>source\engine\base</Filter>
    </ClCompile>
    <ClCompile Include="Engine\Platform\Windows\Assets\3DModel\Loader\AssimpModelLoader.cpp">
      <Filter>source\engine\base</Filter>
    </ClCompile>
    <ClCompile Include="Engine\Platform\Windows\Graphic\ShaderBuffer\BufferGenerater\BufferGenerator.cpp">
      <Filter>source\engine\base</Filter>
    </ClCompile>
    <ClCompile Include="Engine\Platform\Windows\Camera\Camera.cpp">
      <Filter>source\engine\base</Filter>
    </ClCompile>
    <ClCompile Include="Engine\Platform\Windows\Camera\CameraManager.cpp">
      <Filter>source\engine\base</Filter>
    </ClCompile>
    <ClCompile Include="Engine\Platform\Windows\Graphic\DirectXCommon\Descriptors\CheckGenerateConfig\CheckGenerateConfig.cpp">
      <Filter>source\engine\base</Filter>
    </ClCompile>
    <ClCompile Include="Engine\Platform\Windows\Collider\ColliderManager.cpp">
      <Filter>source\engine\base</Filter>
    </ClCompile>
    <ClCompile Include="Engine\Platform\Windows\Graphic\DirectXCommon\Command\CommandExecutor.cpp">
      <Filter>source\engine\base</Filter>
    </ClCompile>
    <ClCompile Include="Editor\UI\Edit\DebugConsole.cpp">
      <Filter>source\engine\base</Filter>
    </ClCompile>
    <ClCompile Include="Engine\Platform\Windows\AppUtility\DebugTool\DirectX\DebugLayer.cpp">
      <Filter>source\engine\base</Filter>
    </ClCompile>
    <ClCompile Include="Engine\Platform\Windows\Graphic\DirectXCommon\Descriptors\DescriptorGenerator\DescriptorGenerator.cpp">
      <Filter>source\engine\base</Filter>
    </ClCompile>
    <ClCompile Include="Engine\Platform\Windows\Graphic\DirectXCommon\Descriptors\DescriptorHeapManager.cpp">
      <Filter>source\engine\base</Filter>
    </ClCompile>
    <ClCompile Include="Engine\Platform\Windows\Input\DirectInput\DirectInputKeyboard.cpp">
      <Filter>source\engine\base</Filter>
    </ClCompile>
    <ClCompile Include="Engine\Platform\Windows\Input\DirectInput\DirectInputManager.cpp">
      <Filter>source\engine\base</Filter>
    </ClCompile>
    <ClCompile Include="Engine\Platform\Windows\Input\DirectInput\DirectInputMouse.cpp">
      <Filter>source\engine\base</Filter>
    </ClCompile>
    <ClCompile Include="Engine\Platform\Windows\AppUtility\DebugTool\DirectX\DirectX12DebugCore.cpp">
      <Filter>source\engine\base</Filter>
    </ClCompile>
    <ClCompile Include="Engine\Platform\Windows\Graphic\DirectXCommon\Command\List\DirectXCommandList.cpp">
      <Filter>source\engine\base</Filter>
    </ClCompile>
    <ClCompile Include="Engine\Platform\Windows\Graphic\DirectXCommon\Command\DirectXCommandManager.cpp">
      <Filter>source\engine\base</Filter>
    </ClCompile>
    <ClCompile Include="Engine\Platform\Windows\Graphic\DirectXCommon\Command\Queue\DirectXCommandQueue.cpp">
      <Filter>source\engine\base</Filter>
    </ClCompile>
    <ClCompile Include="Engine\Platform\Windows\Graphic\DirectXCommon\DirectXCommon.cpp">
      <Filter>source\engine\base</Filter>
    </ClCompile>
    <ClCompile Include="Engine\Platform\Windows\Graphic\DirectXCommon\Device\DirectXDevice.cpp">
      <Filter>source\engine\base</Filter>
    </ClCompile>
    <ClCompile Include="Engine\Platform\Windows\AppUtility\String\DirectXStructToString.cpp">
      <Filter>source\engine\base</Filter>
    </ClCompile>
    <ClCompile Include="Engine\Platform\Windows\AppUtility\DebugTool\ImGui\DropDownFileList.cpp">
      <Filter>source\engine\base</Filter>
    </ClCompile>
    <ClCompile Include="Engine\Platform\Windows\Window\WindowEventsManager\EventSystems\DropFile\DropFileEvent.cpp">
      <Filter>source\engine\base</Filter>
    </ClCompile>
    <ClCompile Include="Engine\Platform\Windows\Graphic\DirectXCommon\Descriptors\DsvDescriptorHeap.cpp">
      <Filter>source\engine\base</Filter>
    </ClCompile>
    <ClCompile Include="Engine\Core\EngineGlobalValue.cpp">
      <Filter>source\engine\base</Filter>
    </ClCompile>
    <ClCompile Include="Engine\Platform\Windows\Window\WindowEventsManager\EventSystems\ExitApp\ExitAppEvent.cpp">
      <Filter>source\engine\base</Filter>
    </ClCompile>
    <ClCompile Include="Engine\Platform\Windows\Graphic\DirectXCommon\Fence\Fence.cpp">
      <Filter>source\engine\base</Filter>
    </ClCompile>
    <ClCompile Include="Engine\Platform\Windows\AppUtility\FileSystems\FileUtility.cpp">
      <Filter>source\engine\base</Filter>
    </ClCompile>
    <ClCompile Include="Engine\Platform\Windows\Physics\Force.cpp">
      <Filter>source\engine\base</Filter>
    </ClCompile>
    <ClCompile Include="Engine\Platform\Windows\AppUtility\DebugTool\FrameCounter.cpp">
      <Filter>source\engine\base</Filter>
    </ClCompile>
    <ClCompile Include="Engine\Platform\Windows\Window\GameWindow.cpp">
      <Filter>source\engine\base</Filter>
    </ClCompile>
    <ClCompile Include="Engine\Platform\Windows\Window\GameWindowManager.cpp">
      <Filter>source\engine\base</Filter>
    </ClCompile>
    <ClCompile Include="Engine\Platform\Windows\AppUtility\DirectX\GenerateDiscriptorHandle.cpp">
      <Filter>source\engine\base</Filter>
    </ClCompile>
    <ClCompile Include="Engine\Platform\Windows\Graphic\Pipeline\GraphicPipelineManager.cpp">
      <Filter>source\engine\base</Filter>
    </ClCompile>
    <ClCompile Include="Engine\Platform\Windows\Renderer\GraphRenderer.cpp">
      <Filter>source\engine\base</Filter>
    </ClCompile>
    <ClCompile Include="Engine\Platform\Windows\AppUtility\String\HwndConvertString.cpp">
      <Filter>source\engine\base</Filter>
    </ClCompile>
    <ClCompile Include="Engine\Platform\Windows\Graphic\DirectXCommon\Descriptors\IDescriptorHeap.cpp">
      <Filter>source\engine\base</Filter>
    </ClCompile>
    <ClCompile Include="Engine\Platform\Windows\Window\WindowEventsManager\EventSystems\IEvent.cpp">
      <Filter>source\engine\base</Filter>
    </ClCompile>
    <ClCompile Include="Engine\Platform\Windows\AppUtility\DirectX\InitializeSwapChainBuffer.cpp">
      <Filter>source\engine\base</Filter>
    </ClCompile>
    <ClCompile Include="Engine\Platform\Windows\Graphic\Pipeline\PSO\InputLayout.cpp">
      <Filter>source\engine\base</Filter>
    </ClCompile>
    <ClCompile Include="Engine\Platform\Windows\Assets\Script\LuaScriptOnQFE.cpp">
      <Filter>source\engine\base</Filter>
    </ClCompile>
    <ClCompile Include="Engine\Platform\Windows\Assets\Script\LuaScriptResourceManager.cpp">
      <Filter>source\engine\base</Filter>
    </ClCompile>
    <ClCompile Include="main.cpp">
      <Filter>source\engine\base</Filter>
    </ClCompile>
    <ClCompile Include="Engine\Platform\Windows\Assets\3DModel\Data\ModelHandle.cpp">
      <Filter>source\engine\base</Filter>
    </ClCompile>
    <ClCompile Include="Engine\Platform\Windows\Assets\3DModel\ModelRenderDataManager.cpp">
      <Filter>source\engine\base</Filter>
    </ClCompile>
    <ClCompile Include="Engine\Platform\Windows\Renderer\ModelRenderer.cpp">
      <Filter>source\engine\base</Filter>
    </ClCompile>
    <ClCompile Include="Engine\Platform\Windows\Assets\3DModel\ModelVertexResourceManager.cpp">
      <Filter>source\engine\base</Filter>
    </ClCompile>
    <ClCompile Include="Engine\Platform\Windows\AppUtility\DebugTool\DebugLog\MyDebugLog.cpp">
      <Filter>source\engine\base</Filter>
    </ClCompile>
    <ClCompile Include="Engine\Core\Math\MyMath.cpp">
      <Filter>source\engine\base</Filter>
    </ClCompile>
    <ClCompile Include="Engine\Core\Math\MyRandomNum.cpp">
      <Filter>source\engine\base</Filter>
    </ClCompile>
    <ClCompile Include="Engine\Utility\String\MyString.cpp">
      <Filter>source\engine\base</Filter>
    </ClCompile>
    <ClCompile Include="Engine\Platform\Windows\Graphic\PostEffect\OffScreen\OffScreenResourceManager.cpp">
      <Filter>source\engine\base</Filter>
    </ClCompile>
    <ClCompile Include="Engine\Platform\Windows\Window\WindowEventsManager\EventSystems\OnFocus\OnFocusEvent.cpp">
      <Filter>source\engine\base</Filter>
    </ClCompile>
    <ClCompile Include="Editor\OnWindowsEditor.cpp">
      <Filter>source\engine\base</Filter>
    </ClCompile>
    <ClCompile Include="Engine\Platform\Windows\Physics\PhysicsManager.cpp">
      <Filter>source\engine\base</Filter>
    </ClCompile>
    <ClCompile Include="Engine\Platform\Windows\Graphic\Pipeline\PSO\PipelineStateObject.cpp">
      <Filter>source\engine\base</Filter>
    </ClCompile>
    <ClCompile Include="Engine\Core\Math\Quaternion\Quaternion.cpp">
      <Filter>source\engine\base</Filter>
    </ClCompile>
    <ClCompile Include="Engine\QuickForgeEngine.cpp">
      <Filter>source\engine\base</Filter>
    </ClCompile>
    <ClCompile Include="Engine\Platform\Windows\Graphic\PostEffect\RendaringPostprocess.cpp">
      <Filter>source\engine\base</Filter>
    </ClCompile>
    <ClCompile Include="Engine\Platform\Windows\Assets\ResourceDirectoryManager.cpp">
      <Filter>source\engine\base</Filter>
    </ClCompile>
    <ClCompile Include="Engine\Platform\Windows\Graphic\Pipeline\PSO\RootParameter.cpp">
      <Filter>source\engine\base</Filter>
    </ClCompile>
    <ClCompile Include="Engine\Platform\Windows\Graphic\DirectXCommon\Descriptors\RtvDescriptorHeap.cpp">
      <Filter>source\engine\base</Filter>
    </ClCompile>
    <ClCompile Include="Engine\Platform\Windows\Graphic\Pipeline\PSO\ShaderCompiler.cpp">
      <Filter>source\engine\base</Filter>
    </ClCompile>
    <ClCompile Include="Engine\Platform\Windows\Collider\Data\SphereColliderData.cpp">
      <Filter>source\engine\base</Filter>
    </ClCompile>
    <ClCompile Include="Engine\Platform\Windows\Assets\Sprite\Data\SpriteData.cpp">
      <Filter>source\engine\base</Filter>
    </ClCompile>
    <ClCompile Include="Engine\Platform\Windows\Assets\Sprite\SpriteManager.cpp">
      <Filter>source\engine\base</Filter>
    </ClCompile>
    <ClCompile Include="Engine\Platform\Windows\Renderer\SpriteRenderer.cpp">
      <Filter>source\engine\base</Filter>
    </ClCompile>
    <ClCompile Include="Engine\Platform\Windows\Graphic\DirectXCommon\Descriptors\SrvDescriptorHeap.cpp">
      <Filter>source\engine\base</Filter>
    </ClCompile>
    <ClCompile Include="Engine\Utility\String\StringLiblary.cpp">
      <Filter>source\engine\base</Filter>
    </ClCompile>
    <ClCompile Include="Engine\Platform\Windows\Graphic\DirectXCommon\SwapChain\SwapChain.cpp">
      <Filter>source\engine\base</Filter>
    </ClCompile>
    <ClCompile Include="Engine\Platform\Windows\Assets\2DTexture\TextureManager.cpp">
      <Filter>source\engine\base</Filter>
    </ClCompile>
    <ClCompile Include="Engine\Platform\Windows\AppUtility\DirectX\TransitionResourceBarrier.cpp">
      <Filter>source\engine\base</Filter>
    </ClCompile>
    <ClCompile Include="Editor\UI\UIManager.cpp">
      <Filter>source\engine\base</Filter>
    </ClCompile>
    <ClCompile Include="Engine\Platform\Windows\AppUtility\ID\UniqeIDManager.cpp">
      <Filter>source\engine\base</Filter>
    </ClCompile>
    <ClCompile Include="Engine\Platform\Windows\AppUtility\DebugTool\App\WinAppDebugCore.cpp">
      <Filter>source\engine\base</Filter>
    </ClCompile>
    <ClCompile Include="Engine\Platform\Windows\Window\WindowEventsManager\WindowEventsManager.cpp">
      <Filter>source\engine\base</Filter>
    </ClCompile>
    <ClCompile Include="Engine\Platform\Windows\Window\WindowGenerater\WindowGenerater.cpp">
      <Filter>source\engine\base</Filter>
    </ClCompile>
    <ClCompile Include="Engine\Platform\Windows\WindowsEngineCore.cpp">
      <Filter>source\engine\base</Filter>
    </ClCompile>
    <ClCompile Include="Engine\Core\Math\Shapes.cpp" />
    <ClCompile Include="Engine\Platform\Windows\Assets\AudioSource\Loader\MultiAudioLoader.cpp" />
    <ClCompile Include="Engine\Platform\Windows\Assets\AudioSource\AudioSourceManager.cpp" />
    <ClCompile Include="Engine\Platform\Windows\Audio\Core\XAudioCore.cpp" />
    <ClCompile Include="Engine\Platform\Windows\Audio\AudioInterface.cpp" />
    <ClCompile Include="Engine\Platform\Windows\Collider\Data\AABBColliderData.cpp" />
    <ClCompile Include="Engine\Platform\Windows\Audio\Player\AudioPlayChip.cpp" />
    <ClCompile Include="Engine\Platform\Windows\Audio\Player\AudioChipManager.cpp" />
    <ClCompile Include="Engine\Platform\Windows\Input\KeyConfig.cpp" />
    <ClCompile Include="Engine\Platform\Windows\Input\InputInterface.cpp" />
    <ClCompile Include="Editor\UI\Edit\KeyConfigEdit.cpp" />
    <ClCompile Include="Engine\Platform\Windows\AppUtility\String\DirectInputToString.cpp" />
    <ClCompile Include="Engine\Platform\Windows\AppUtility\MultiThreadRunFunction.cpp" />
    <ClCompile Include="Engine\Platform\Windows\AppUtility\MultiThreadTaskExecutor.cpp" />
    <ClCompile Include="Editor\UI\Edit\PostprocessEdit.cpp" />
    <ClCompile Include="Engine\Platform\Windows\Assets\Script\QFElinker\LuaScriptOnQFESetStructBase.cpp" />
    <ClCompile Include="Engine\Platform\Windows\Assets\Script\QFElinker\LuaScriptOnQFESetGetterBase.cpp" />
    <ClCompile Include="Engine\Platform\Windows\Assets\Script\QFElinker\LuaScriptOnQFESetSubModuleBase.cpp" />
    <ClCompile Include="Engine\Platform\Windows\Assets\Script\QFElinker\LuaScriptOnQFESetSceneFunction.cpp" />
    <ClCompile Include="Engine\Platform\Windows\Assets\Script\QFElinker\SetQFELinkers.cpp" />
    <ClCompile Include="Engine\Platform\Windows\Assets\Script\QFElinker\LuaScriptOnQFESetUtilities.cpp" />
    <ClCompile Include="Engine\Platform\Windows\Assets\Script\QFElinker\LuaScriptOnQEFSetMyMath.cpp" />
    <ClCompile Include="Editor\UI\View\ScriptLoggerView.cpp" />
    <ClCompile Include="Engine\Platform\Windows\Assets\Animeter\AnimCrip.cpp" />
    <ClCompile Include="Engine\Platform\Windows\Assets\Animeter\AnimationManager.cpp" />
    <ClCompile Include="Engine\Platform\Windows\Collider\ColliderMask.cpp" />
    <ClCompile Include="Editor\UI\Edit\ColliderMaskEdit.cpp" />
    <ClCompile Include="Editor\UI\View\SceneProfileView.cpp" />
    <ClCompile Include="Engine\Platform\Windows\Input\XInput\XInputController.cpp" />
    <ClCompile Include="Engine\Platform\Windows\Assets\Script\CsharpCmpiler.cpp" />
    <ClCompile Include="Engine\Platform\Windows\Assets\Script\CsharpScriptOnQFE.cpp" />
    <ClCompile Include="Engine\Platform\Windows\Assets\Script\CsharpVirtualEnvironmentOnQFE.cpp" />
    <ClCompile Include="Engine\Platform\Windows\Assets\Script\Data\CsharpComponent.cpp" />
  </ItemGroup>
  <ItemGroup>
    <ClInclude Include="Engine\Externals\imgui\imconfig.h">
      <Filter>imgui</Filter>
    </ClInclude>
    <ClInclude Include="Engine\Externals\imgui\imgui.h">
      <Filter>imgui</Filter>
    </ClInclude>
    <ClInclude Include="Engine\Externals\imgui\imgui-node-editor-0.9.3\imgui_bezier_math.h">
      <Filter>imgui</Filter>
    </ClInclude>
    <ClInclude Include="Engine\Externals\imgui\imgui-node-editor-0.9.3\imgui_canvas.h">
      <Filter>imgui</Filter>
    </ClInclude>
    <ClInclude Include="Engine\Externals\imgui\imgui-node-editor-0.9.3\imgui_extra_math.h">
      <Filter>imgui</Filter>
    </ClInclude>
    <ClInclude Include="Engine\Externals\imgui\imgui_impl_dx12.h">
      <Filter>imgui</Filter>
    </ClInclude>
    <ClInclude Include="Engine\Externals\imgui\imgui_impl_win32.h">
      <Filter>imgui</Filter>
    </ClInclude>
    <ClInclude Include="Engine\Externals\imgui\imgui_internal.h">
      <Filter>imgui</Filter>
    </ClInclude>
    <ClInclude Include="Engine\Externals\imgui\imgui-node-editor-0.9.3\imgui_node_editor.h">
      <Filter>imgui</Filter>
    </ClInclude>
    <ClInclude Include="Engine\Externals\imgui\imgui-node-editor-0.9.3\imgui_node_editor_internal.h">
      <Filter>imgui</Filter>
    </ClInclude>
    <ClInclude Include="Engine\Externals\imgui\imgui_toggle-main\imgui_offset_rect.h">
      <Filter>imgui</Filter>
    </ClInclude>
    <ClInclude Include="Engine\Externals\imgui\imgui_toggle-main\imgui_toggle.h">
      <Filter>imgui</Filter>
    </ClInclude>
    <ClInclude Include="Engine\Externals\imgui\imgui_toggle-main\imgui_toggle_math.h">
      <Filter>imgui</Filter>
    </ClInclude>
    <ClInclude Include="Engine\Externals\imgui\imgui_toggle-main\imgui_toggle_palette.h">
      <Filter>imgui</Filter>
    </ClInclude>
    <ClInclude Include="Engine\Externals\imgui\imgui_toggle-main\imgui_toggle_presets.h">
      <Filter>imgui</Filter>
    </ClInclude>
    <ClInclude Include="Engine\Externals\imgui\imgui_toggle-main\imgui_toggle_renderer.h">
      <Filter>imgui</Filter>
    </ClInclude>
    <ClInclude Include="Engine\Platform\Windows\AppUtility\DebugTool\ImGui\FrameController\ImGuiFlameController.h">
      <Filter>imgui</Filter>
    </ClInclude>
    <ClInclude Include="Engine\Platform\Windows\AppUtility\DebugTool\ImGui\ImGuiInclude.h">
      <Filter>imgui</Filter>
    </ClInclude>
    <ClInclude Include="Engine\Platform\Windows\AppUtility\DebugTool\ImGui\Initializer\ImGuiInitializer.h">
      <Filter>imgui</Filter>
    </ClInclude>
    <ClInclude Include="Engine\Externals\imgui\imgui-knobs-main\imgui-knobs.h">
      <Filter>imgui</Filter>
    </ClInclude>
    <ClInclude Include="Engine\Externals\imgui\ImGuizmo-1.83\ImGuizmo.h">
      <Filter>imgui</Filter>
    </ClInclude>
    <ClInclude Include="Engine\Externals\imgui\implot-master\implot.h">
      <Filter>imgui</Filter>
    </ClInclude>
    <ClInclude Include="Engine\Externals\imgui\implot-master\implot_internal.h">
      <Filter>imgui</Filter>
    </ClInclude>
    <ClInclude Include="Engine\Externals\imgui\imstb_rectpack.h">
      <Filter>imgui</Filter>
    </ClInclude>
    <ClInclude Include="Engine\Externals\imgui\imstb_textedit.h">
      <Filter>imgui</Filter>
    </ClInclude>
    <ClInclude Include="Engine\Externals\imgui\imstb_truetype.h">
      <Filter>imgui</Filter>
    </ClInclude>
    <ClInclude Include="Engine\Externals\sol2\sol\wrapper.hpp">
      <Filter>external\sol2</Filter>
    </ClInclude>
    <ClInclude Include="Engine\Externals\sol2\sol\as_args.hpp">
      <Filter>external\sol2</Filter>
    </ClInclude>
    <ClInclude Include="Engine\Externals\sol2\sol\as_returns.hpp">
      <Filter>external\sol2</Filter>
    </ClInclude>
    <ClInclude Include="Engine\Externals\sol2\sol\assert.hpp">
      <Filter>external\sol2</Filter>
    </ClInclude>
    <ClInclude Include="Engine\Externals\sol2\sol\base_traits.hpp">
      <Filter>external\sol2</Filter>
    </ClInclude>
    <ClInclude Include="Engine\Externals\sol2\sol\bind_traits.hpp">
      <Filter>external\sol2</Filter>
    </ClInclude>
    <ClInclude Include="Engine\Externals\sol2\sol\detail\build_version.hpp">
      <Filter>external\sol2</Filter>
    </ClInclude>
    <ClInclude Include="Engine\Externals\sol2\sol\bytecode.hpp">
      <Filter>external\sol2</Filter>
    </ClInclude>
    <ClInclude Include="Engine\Externals\sol2\sol\call.hpp">
      <Filter>external\sol2</Filter>
    </ClInclude>
    <ClInclude Include="Engine\Externals\sol2\sol\compatibility\compat-5.3.c.h">
      <Filter>external\sol2</Filter>
    </ClInclude>
    <ClInclude Include="Engine\Externals\sol2\sol\compatibility\compat-5.3.h">
      <Filter>external\sol2</Filter>
    </ClInclude>
    <ClInclude Include="Engine\Externals\sol2\sol\compatibility\compat-5.4.h">
      <Filter>external\sol2</Filter>
    </ClInclude>
    <ClInclude Include="Engine\Externals\sol2\sol\compatibility.hpp">
      <Filter>external\sol2</Filter>
    </ClInclude>
    <ClInclude Include="Engine\Externals\sol2\sol\config.hpp">
      <Filter>external\sol2</Filter>
    </ClInclude>
    <ClInclude Include="Engine\Externals\sol2\sol\coroutine.hpp">
      <Filter>external\sol2</Filter>
    </ClInclude>
    <ClInclude Include="Engine\Externals\imgui\imgui-node-editor-0.9.3\crude_json.h">
      <Filter>external\sol2</Filter>
    </ClInclude>
    <ClInclude Include="Engine\Externals\sol2\sol\debug.hpp">
      <Filter>external\sol2</Filter>
    </ClInclude>
    <ClInclude Include="Engine\Externals\sol2\sol\demangle.hpp">
      <Filter>external\sol2</Filter>
    </ClInclude>
    <ClInclude Include="Engine\Externals\sol2\sol\deprecate.hpp">
      <Filter>external\sol2</Filter>
    </ClInclude>
    <ClInclude Include="Engine\Externals\sol2\sol\dump_handler.hpp">
      <Filter>external\sol2</Filter>
    </ClInclude>
    <ClInclude Include="Engine\Externals\sol2\sol\ebco.hpp">
      <Filter>external\sol2</Filter>
    </ClInclude>
    <ClInclude Include="Engine\Externals\sol2\sol\environment.hpp">
      <Filter>external\sol2</Filter>
    </ClInclude>
    <ClInclude Include="Engine\Externals\sol2\sol\epilogue.hpp">
      <Filter>external\sol2</Filter>
    </ClInclude>
    <ClInclude Include="Engine\Externals\sol2\sol\error.hpp">
      <Filter>external\sol2</Filter>
    </ClInclude>
    <ClInclude Include="Engine\Externals\sol2\sol\error_handler.hpp">
      <Filter>external\sol2</Filter>
    </ClInclude>
    <ClInclude Include="Engine\Externals\sol2\sol\forward.hpp">
      <Filter>external\sol2</Filter>
    </ClInclude>
    <ClInclude Include="Engine\Externals\sol2\sol\forward_detail.hpp">
      <Filter>external\sol2</Filter>
    </ClInclude>
    <ClInclude Include="Engine\Externals\sol2\sol\function.hpp">
      <Filter>external\sol2</Filter>
    </ClInclude>
    <ClInclude Include="Engine\Externals\sol2\sol\function_result.hpp">
      <Filter>external\sol2</Filter>
    </ClInclude>
    <ClInclude Include="Engine\Externals\sol2\sol\function_types.hpp">
      <Filter>external\sol2</Filter>
    </ClInclude>
    <ClInclude Include="Engine\Externals\sol2\sol\function_types_core.hpp">
      <Filter>external\sol2</Filter>
    </ClInclude>
    <ClInclude Include="Engine\Externals\sol2\sol\function_types_overloaded.hpp">
      <Filter>external\sol2</Filter>
    </ClInclude>
    <ClInclude Include="Engine\Externals\sol2\sol\function_types_stateful.hpp">
      <Filter>external\sol2</Filter>
    </ClInclude>
    <ClInclude Include="Engine\Externals\sol2\sol\function_types_stateless.hpp">
      <Filter>external\sol2</Filter>
    </ClInclude>
    <ClInclude Include="Engine\Externals\sol2\sol\function_types_templated.hpp">
      <Filter>external\sol2</Filter>
    </ClInclude>
    <ClInclude Include="Engine\Resources\Shaders\ShaderStructs\hlslTypeToCpp.h">
      <Filter>external\sol2</Filter>
    </ClInclude>
    <ClInclude Include="Engine\Externals\sol2\sol\in_place.hpp">
      <Filter>external\sol2</Filter>
    </ClInclude>
    <ClInclude Include="Engine\Externals\sol2\sol\inheritance.hpp">
      <Filter>external\sol2</Filter>
    </ClInclude>
    <ClInclude Include="Engine\Externals\lua\lapi.h">
      <Filter>external\sol2</Filter>
    </ClInclude>
    <ClInclude Include="Engine\Externals\lua\lauxlib.h">
      <Filter>external\sol2</Filter>
    </ClInclude>
    <ClInclude Include="Engine\Externals\lua\lcode.h">
      <Filter>external\sol2</Filter>
    </ClInclude>
    <ClInclude Include="Engine\Externals\lua\lctype.h">
      <Filter>external\sol2</Filter>
    </ClInclude>
    <ClInclude Include="Engine\Externals\lua\ldebug.h">
      <Filter>external\sol2</Filter>
    </ClInclude>
    <ClInclude Include="Engine\Externals\lua\ldo.h">
      <Filter>external\sol2</Filter>
    </ClInclude>
    <ClInclude Include="Engine\Externals\lua\lfunc.h">
      <Filter>external\sol2</Filter>
    </ClInclude>
    <ClInclude Include="Engine\Externals\lua\lgc.h">
      <Filter>external\sol2</Filter>
    </ClInclude>
    <ClInclude Include="Engine\Externals\lua\ljumptab.h">
      <Filter>external\sol2</Filter>
    </ClInclude>
    <ClInclude Include="Engine\Externals\lua\llex.h">
      <Filter>external\sol2</Filter>
    </ClInclude>
    <ClInclude Include="Engine\Externals\lua\llimits.h">
      <Filter>external\sol2</Filter>
    </ClInclude>
    <ClInclude Include="Engine\Externals\lua\lmem.h">
      <Filter>external\sol2</Filter>
    </ClInclude>
    <ClInclude Include="Engine\Externals\sol2\sol\load_result.hpp">
      <Filter>external\sol2</Filter>
    </ClInclude>
    <ClInclude Include="Engine\Externals\lua\lobject.h">
      <Filter>external\sol2</Filter>
    </ClInclude>
    <ClInclude Include="Engine\Externals\lua\lopcodes.h">
      <Filter>external\sol2</Filter>
    </ClInclude>
    <ClInclude Include="Engine\Externals\lua\lopnames.h">
      <Filter>external\sol2</Filter>
    </ClInclude>
    <ClInclude Include="Engine\Externals\lua\lparser.h">
      <Filter>external\sol2</Filter>
    </ClInclude>
    <ClInclude Include="Engine\Externals\lua\lprefix.h">
      <Filter>external\sol2</Filter>
    </ClInclude>
    <ClInclude Include="Engine\Externals\lua\lstate.h">
      <Filter>external\sol2</Filter>
    </ClInclude>
    <ClInclude Include="Engine\Externals\lua\lstring.h">
      <Filter>external\sol2</Filter>
    </ClInclude>
    <ClInclude Include="Engine\Externals\lua\ltable.h">
      <Filter>external\sol2</Filter>
    </ClInclude>
    <ClInclude Include="Engine\Externals\lua\ltm.h">
      <Filter>external\sol2</Filter>
    </ClInclude>
    <ClInclude Include="Engine\Externals\lua\lua.h">
      <Filter>external\sol2</Filter>
    </ClInclude>
    <ClInclude Include="Engine\Externals\lua\lua.hpp">
      <Filter>external\sol2</Filter>
    </ClInclude>
    <ClInclude Include="Engine\Externals\sol2\sol\lua_table.hpp">
      <Filter>external\sol2</Filter>
    </ClInclude>
    <ClInclude Include="Engine\Externals\sol2\sol\lua_value.hpp">
      <Filter>external\sol2</Filter>
    </ClInclude>
    <ClInclude Include="Engine\Externals\sol2\sol\compatibility\lua_version.hpp">
      <Filter>external\sol2</Filter>
    </ClInclude>
    <ClInclude Include="Engine\Externals\lua\luaconf.h">
      <Filter>external\sol2</Filter>
    </ClInclude>
    <ClInclude Include="Engine\Externals\lua\lualib.h">
      <Filter>external\sol2</Filter>
    </ClInclude>
    <ClInclude Include="Engine\Externals\lua\lundump.h">
      <Filter>external\sol2</Filter>
    </ClInclude>
    <ClInclude Include="Engine\Externals\lua\lvm.h">
      <Filter>external\sol2</Filter>
    </ClInclude>
    <ClInclude Include="Engine\Externals\lua\lzio.h">
      <Filter>external\sol2</Filter>
    </ClInclude>
    <ClInclude Include="Engine\Externals\sol2\sol\make_reference.hpp">
      <Filter>external\sol2</Filter>
    </ClInclude>
    <ClInclude Include="Engine\Externals\sol2\sol\metatable.hpp">
      <Filter>external\sol2</Filter>
    </ClInclude>
    <ClInclude Include="Engine\Externals\sol2\sol\object.hpp">
      <Filter>external\sol2</Filter>
    </ClInclude>
    <ClInclude Include="Engine\Externals\sol2\sol\object_base.hpp">
      <Filter>external\sol2</Filter>
    </ClInclude>
    <ClInclude Include="Engine\Externals\sol2\sol\optional.hpp">
      <Filter>external\sol2</Filter>
    </ClInclude>
    <ClInclude Include="Engine\Externals\sol2\sol\optional_implementation.hpp">
      <Filter>external\sol2</Filter>
    </ClInclude>
    <ClInclude Include="Engine\Externals\sol2\sol\overload.hpp">
      <Filter>external\sol2</Filter>
    </ClInclude>
    <ClInclude Include="Engine\Externals\sol2\sol\packaged_coroutine.hpp">
      <Filter>external\sol2</Filter>
    </ClInclude>
    <ClInclude Include="Engine\Externals\sol2\sol\stack\detail\pairs.hpp">
      <Filter>external\sol2</Filter>
    </ClInclude>
    <ClInclude Include="Engine\Externals\sol2\sol\pairs_iterator.hpp">
      <Filter>external\sol2</Filter>
    </ClInclude>
    <ClInclude Include="Engine\Externals\sol2\sol\pointer_like.hpp">
      <Filter>external\sol2</Filter>
    </ClInclude>
    <ClInclude Include="Engine\Externals\sol2\sol\policies.hpp">
      <Filter>external\sol2</Filter>
    </ClInclude>
    <ClInclude Include="Engine\Externals\sol2\sol\prologue.hpp">
      <Filter>external\sol2</Filter>
    </ClInclude>
    <ClInclude Include="Engine\Externals\sol2\sol\property.hpp">
      <Filter>external\sol2</Filter>
    </ClInclude>
    <ClInclude Include="Engine\Externals\sol2\sol\protect.hpp">
      <Filter>external\sol2</Filter>
    </ClInclude>
    <ClInclude Include="Engine\Externals\sol2\sol\protected_function.hpp">
      <Filter>external\sol2</Filter>
    </ClInclude>
    <ClInclude Include="Engine\Externals\sol2\sol\protected_function_result.hpp">
      <Filter>external\sol2</Filter>
    </ClInclude>
    <ClInclude Include="Engine\Externals\sol2\sol\protected_handler.hpp">
      <Filter>external\sol2</Filter>
    </ClInclude>
    <ClInclude Include="Engine\Externals\sol2\sol\proxy_base.hpp">
      <Filter>external\sol2</Filter>
    </ClInclude>
    <ClInclude Include="Engine\Externals\sol2\sol\raii.hpp">
      <Filter>external\sol2</Filter>
    </ClInclude>
    <ClInclude Include="Engine\Externals\sol2\sol\reference.hpp">
      <Filter>external\sol2</Filter>
    </ClInclude>
    <ClInclude Include="Engine\Externals\sol2\sol\resolve.hpp">
      <Filter>external\sol2</Filter>
    </ClInclude>
    <ClInclude Include="Engine\Externals\sol2\sol\sol.hpp">
      <Filter>external\sol2</Filter>
    </ClInclude>
    <ClInclude Include="Engine\Externals\sol2\sol\stack.hpp">
      <Filter>external\sol2</Filter>
    </ClInclude>
    <ClInclude Include="Engine\Externals\sol2\sol\stack_check.hpp">
      <Filter>external\sol2</Filter>
    </ClInclude>
    <ClInclude Include="Engine\Externals\sol2\sol\stack_check_get.hpp">
      <Filter>external\sol2</Filter>
    </ClInclude>
    <ClInclude Include="Engine\Externals\sol2\sol\stack_check_get_qualified.hpp">
      <Filter>external\sol2</Filter>
    </ClInclude>
    <ClInclude Include="Engine\Externals\sol2\sol\stack_check_get_unqualified.hpp">
      <Filter>external\sol2</Filter>
    </ClInclude>
    <ClInclude Include="Engine\Externals\sol2\sol\stack_check_qualified.hpp">
      <Filter>external\sol2</Filter>
    </ClInclude>
    <ClInclude Include="Engine\Externals\sol2\sol\stack_check_unqualified.hpp">
      <Filter>external\sol2</Filter>
    </ClInclude>
    <ClInclude Include="Engine\Externals\sol2\sol\stack_core.hpp">
      <Filter>external\sol2</Filter>
    </ClInclude>
    <ClInclude Include="Engine\Externals\sol2\sol\stack_field.hpp">
      <Filter>external\sol2</Filter>
    </ClInclude>
    <ClInclude Include="Engine\Externals\sol2\sol\stack_get.hpp">
      <Filter>external\sol2</Filter>
    </ClInclude>
    <ClInclude Include="Engine\Externals\sol2\sol\stack_get_qualified.hpp">
      <Filter>external\sol2</Filter>
    </ClInclude>
    <ClInclude Include="Engine\Externals\sol2\sol\stack_get_unqualified.hpp">
      <Filter>external\sol2</Filter>
    </ClInclude>
    <ClInclude Include="Engine\Externals\sol2\sol\stack_guard.hpp">
      <Filter>external\sol2</Filter>
    </ClInclude>
    <ClInclude Include="Engine\Externals\sol2\sol\stack_iterator.hpp">
      <Filter>external\sol2</Filter>
    </ClInclude>
    <ClInclude Include="Engine\Externals\sol2\sol\stack_pop.hpp">
      <Filter>external\sol2</Filter>
    </ClInclude>
    <ClInclude Include="Engine\Externals\sol2\sol\stack_probe.hpp">
      <Filter>external\sol2</Filter>
    </ClInclude>
    <ClInclude Include="Engine\Externals\sol2\sol\stack_proxy.hpp">
      <Filter>external\sol2</Filter>
    </ClInclude>
    <ClInclude Include="Engine\Externals\sol2\sol\stack_proxy_base.hpp">
      <Filter>external\sol2</Filter>
    </ClInclude>
    <ClInclude Include="Engine\Externals\sol2\sol\stack_push.hpp">
      <Filter>external\sol2</Filter>
    </ClInclude>
    <ClInclude Include="Engine\Externals\sol2\sol\stack_reference.hpp">
      <Filter>external\sol2</Filter>
    </ClInclude>
    <ClInclude Include="Engine\Externals\sol2\sol\state.hpp">
      <Filter>external\sol2</Filter>
    </ClInclude>
    <ClInclude Include="Engine\Externals\sol2\sol\state_handling.hpp">
      <Filter>external\sol2</Filter>
    </ClInclude>
    <ClInclude Include="Engine\Externals\sol2\sol\state_view.hpp">
      <Filter>external\sol2</Filter>
    </ClInclude>
    <ClInclude Include="Engine\Externals\sol2\sol\string_view.hpp">
      <Filter>external\sol2</Filter>
    </ClInclude>
    <ClInclude Include="Engine\Externals\sol2\sol\table.hpp">
      <Filter>external\sol2</Filter>
    </ClInclude>
    <ClInclude Include="Engine\Externals\sol2\sol\table_core.hpp">
      <Filter>external\sol2</Filter>
    </ClInclude>
    <ClInclude Include="Engine\Externals\sol2\sol\table_iterator.hpp">
      <Filter>external\sol2</Filter>
    </ClInclude>
    <ClInclude Include="Engine\Externals\sol2\sol\table_proxy.hpp">
      <Filter>external\sol2</Filter>
    </ClInclude>
    <ClInclude Include="Engine\Externals\sol2\sol\thread.hpp">
      <Filter>external\sol2</Filter>
    </ClInclude>
    <ClInclude Include="Engine\Externals\sol2\sol\tie.hpp">
      <Filter>external\sol2</Filter>
    </ClInclude>
    <ClInclude Include="Engine\Externals\sol2\sol\traits.hpp">
      <Filter>external\sol2</Filter>
    </ClInclude>
    <ClInclude Include="Engine\Externals\sol2\sol\trampoline.hpp">
      <Filter>external\sol2</Filter>
    </ClInclude>
    <ClInclude Include="Engine\Externals\sol2\sol\tuple.hpp">
      <Filter>external\sol2</Filter>
    </ClInclude>
    <ClInclude Include="Engine\Externals\sol2\sol\types.hpp">
      <Filter>external\sol2</Filter>
    </ClInclude>
    <ClInclude Include="Engine\Externals\sol2\sol\unicode.hpp">
      <Filter>external\sol2</Filter>
    </ClInclude>
    <ClInclude Include="Engine\Externals\sol2\sol\unique_usertype_traits.hpp">
      <Filter>external\sol2</Filter>
    </ClInclude>
    <ClInclude Include="Engine\Externals\sol2\sol\unsafe_function.hpp">
      <Filter>external\sol2</Filter>
    </ClInclude>
    <ClInclude Include="Engine\Externals\sol2\sol\unsafe_function_result.hpp">
      <Filter>external\sol2</Filter>
    </ClInclude>
    <ClInclude Include="Engine\Externals\sol2\sol\userdata.hpp">
      <Filter>external\sol2</Filter>
    </ClInclude>
    <ClInclude Include="Engine\Externals\sol2\sol\usertype.hpp">
      <Filter>external\sol2</Filter>
    </ClInclude>
    <ClInclude Include="Engine\Externals\sol2\sol\usertype_container.hpp">
      <Filter>external\sol2</Filter>
    </ClInclude>
    <ClInclude Include="Engine\Externals\sol2\sol\usertype_container_launch.hpp">
      <Filter>external\sol2</Filter>
    </ClInclude>
    <ClInclude Include="Engine\Externals\sol2\sol\usertype_core.hpp">
      <Filter>external\sol2</Filter>
    </ClInclude>
    <ClInclude Include="Engine\Externals\sol2\sol\usertype_proxy.hpp">
      <Filter>external\sol2</Filter>
    </ClInclude>
    <ClInclude Include="Engine\Externals\sol2\sol\usertype_storage.hpp">
      <Filter>external\sol2</Filter>
    </ClInclude>
    <ClInclude Include="Engine\Externals\sol2\sol\usertype_traits.hpp">
      <Filter>external\sol2</Filter>
    </ClInclude>
    <ClInclude Include="Engine\Externals\sol2\sol\variadic_args.hpp">
      <Filter>external\sol2</Filter>
    </ClInclude>
    <ClInclude Include="Engine\Externals\sol2\sol\variadic_results.hpp">
      <Filter>external\sol2</Filter>
    </ClInclude>
    <ClInclude Include="Engine\Externals\sol2\sol\version.hpp">
      <Filter>external\sol2</Filter>
    </ClInclude>
    <ClInclude Include="Editor\UI\View\ConsoleView.h">
      <Filter>include\editor</Filter>
    </ClInclude>
    <ClInclude Include="Editor\UI\View\GameView.h">
      <Filter>include\editor</Filter>
    </ClInclude>
    <ClInclude Include="Editor\UI\View\HierarchyView.h">
      <Filter>include\editor</Filter>
    </ClInclude>
    <ClInclude Include="Editor\IEditor.h">
      <Filter>include\editor</Filter>
    </ClInclude>
    <ClInclude Include="Editor\UI\IEditorUI.h">
      <Filter>include\editor</Filter>
    </ClInclude>
    <ClInclude Include="Editor\UI\View\SceneView.h">
      <Filter>include\editor</Filter>
    </ClInclude>
    <ClInclude Include="Editor\UI\View\InspectorView.h">
      <Filter>include\editor</Filter>
    </ClInclude>
    <ClInclude Include="Engine\Core\Math\AudioMath.h">
      <Filter>include\engine\math</Filter>
    </ClInclude>
    <ClInclude Include="Engine\Core\Math\MathInclude.h">
      <Filter>include\engine\math</Filter>
    </ClInclude>
    <ClInclude Include="Engine\Core\Math\Matrix\Matrix2x2.h">
      <Filter>include\engine\math</Filter>
    </ClInclude>
    <ClInclude Include="Engine\Core\Math\Matrix\Matrix3x3.h">
      <Filter>include\engine\math</Filter>
    </ClInclude>
    <ClInclude Include="Engine\Core\Math\Matrix\Matrix4x4.h">
      <Filter>include\engine\math</Filter>
    </ClInclude>
    <ClInclude Include="Engine\Core\Math\Vector\Vector2.h">
      <Filter>include\engine\math</Filter>
    </ClInclude>
    <ClInclude Include="Engine\Core\Math\Vector\Vector3.h">
      <Filter>include\engine\math</Filter>
    </ClInclude>
    <ClInclude Include="Engine\Core\Math\Vector\Vector4.h">
      <Filter>include\engine\math</Filter>
    </ClInclude>
    <ClInclude Include="Engine\Core\Math\Transform.h">
      <Filter>include\engine\math</Filter>
    </ClInclude>
    <ClInclude Include="Engine\Core\EngineGlobalValue.h">
      <Filter>include\engine\base</Filter>
    </ClInclude>
    <ClInclude Include="Engine\Platform\Windows\Assets\AssetManager.h">
      <Filter>include\engine\base</Filter>
    </ClInclude>
    <ClInclude Include="Editor\UI\View\AssetsView.h">
      <Filter>include\engine\base</Filter>
    </ClInclude>
    <ClInclude Include="Engine\Platform\Windows\Assets\3DModel\Loader\AssimpModelLoader.h">
      <Filter>include\engine\base</Filter>
    </ClInclude>
    <ClInclude Include="Engine\Platform\Windows\Graphic\ShaderBuffer\BufferGenerater\BufferGenerator.h">
      <Filter>include\engine\base</Filter>
    </ClInclude>
    <ClInclude Include="Engine\Platform\Windows\Camera\Camera.h">
      <Filter>include\engine\base</Filter>
    </ClInclude>
    <ClInclude Include="Engine\Platform\Windows\Camera\Data\CameraData.h">
      <Filter>include\engine\base</Filter>
    </ClInclude>
    <ClInclude Include="Engine\Platform\Windows\Camera\CameraManager.h">
      <Filter>include\engine\base</Filter>
    </ClInclude>
    <ClInclude Include="Engine\Platform\Windows\Graphic\DirectXCommon\Descriptors\CheckGenerateConfig\CheckGenerateConfig.h">
      <Filter>include\engine\base</Filter>
    </ClInclude>
    <ClInclude Include="Engine\Platform\Windows\Collider\ColliderManager.h">
      <Filter>include\engine\base</Filter>
    </ClInclude>
    <ClInclude Include="Engine\Platform\Windows\Graphic\DirectXCommon\Command\CommandExecutor.h">
      <Filter>include\engine\base</Filter>
    </ClInclude>
    <ClInclude Include="Engine\Core\Entity\Component\ComponentData.h">
      <Filter>include\engine\base</Filter>
    </ClInclude>
    <ClInclude Include="Engine\Core\Entity\Component\ComponentStrage.h">
      <Filter>include\engine\base</Filter>
    </ClInclude>
    <ClInclude Include="Engine\Object\Component\CompornentStrage.h">
      <Filter>include\engine\base</Filter>
    </ClInclude>
    <ClInclude Include="Engine\Platform\Windows\Graphic\ShaderBuffer\ConstantBuffer.h">
      <Filter>include\engine\base</Filter>
    </ClInclude>
    <ClInclude Include="Engine\Platform\Windows\Assets\ConstantBufferManager\ConstantBufferManager.h">
      <Filter>include\engine\base</Filter>
    </ClInclude>
    <ClInclude Include="Engine\Platform\Windows\AppUtility\DebugTool\App\CrashHandler.h">
      <Filter>include\engine\base</Filter>
    </ClInclude>
    <ClInclude Include="Editor\UI\File\CreateNewScene.h">
      <Filter>include\engine\base</Filter>
    </ClInclude>
    <ClInclude Include="Engine\Platform\Windows\AppUtility\DebugTool\DirectX\D3DResourceLeakChecker.h">
      <Filter>include\engine\base</Filter>
    </ClInclude>
    <ClInclude Include="Editor\UI\Edit\DebugConsole.h">
      <Filter>include\engine\base</Filter>
    </ClInclude>
    <ClInclude Include="Engine\Platform\Windows\AppUtility\DebugTool\DirectX\DebugLayer.h">
      <Filter>include\engine\base</Filter>
    </ClInclude>
    <ClInclude Include="Engine\Platform\Windows\Graphic\DirectXCommon\Descriptors\Data\DescriptorGenerateConfig.h">
      <Filter>include\engine\base</Filter>
    </ClInclude>
    <ClInclude Include="Engine\Platform\Windows\Graphic\DirectXCommon\Descriptors\DescriptorGenerator\DescriptorGenerator.h">
      <Filter>include\engine\base</Filter>
    </ClInclude>
    <ClInclude Include="Engine\Platform\Windows\Graphic\DirectXCommon\Descriptors\Data\DescriptorHandles.h">
      <Filter>include\engine\base</Filter>
    </ClInclude>
    <ClInclude Include="Engine\Platform\Windows\Graphic\DirectXCommon\Descriptors\DescriptorHeapManager.h">
      <Filter>include\engine\base</Filter>
    </ClInclude>
    <ClInclude Include="Engine\Platform\Windows\Input\DirectInput\DirectInputKeyboard.h">
      <Filter>include\engine\base</Filter>
    </ClInclude>
    <ClInclude Include="Engine\Platform\Windows\Input\DirectInput\DirectInputManager.h">
      <Filter>include\engine\base</Filter>
    </ClInclude>
    <ClInclude Include="Engine\Platform\Windows\Input\DirectInput\DirectInputMouse.h">
      <Filter>include\engine\base</Filter>
    </ClInclude>
    <ClInclude Include="Engine\Platform\Windows\AppUtility\DebugTool\DirectX\DirectX12DebugCore.h">
      <Filter>include\engine\base</Filter>
    </ClInclude>
    <ClInclude Include="Engine\Platform\Windows\Graphic\DirectXCommon\Command\List\DirectXCommandList.h">
      <Filter>include\engine\base</Filter>
    </ClInclude>
    <ClInclude Include="Engine\Platform\Windows\Graphic\DirectXCommon\Command\DirectXCommandManager.h">
      <Filter>include\engine\base</Filter>
    </ClInclude>
    <ClInclude Include="Engine\Platform\Windows\Graphic\DirectXCommon\Command\Queue\DirectXCommandQueue.h">
      <Filter>include\engine\base</Filter>
    </ClInclude>
    <ClInclude Include="Engine\Platform\Windows\Graphic\DirectXCommon\DirectXCommon.h">
      <Filter>include\engine\base</Filter>
    </ClInclude>
    <ClInclude Include="Engine\Platform\Windows\Graphic\DirectXCommon\Device\DirectXDevice.h">
      <Filter>include\engine\base</Filter>
    </ClInclude>
    <ClInclude Include="Engine\Platform\Windows\AppUtility\String\DirectXStructToString.h">
      <Filter>include\engine\base</Filter>
    </ClInclude>
    <ClInclude Include="Engine\Platform\Windows\AppUtility\DebugTool\ImGui\DropDownFileList.h">
      <Filter>include\engine\base</Filter>
    </ClInclude>
    <ClInclude Include="Engine\Platform\Windows\Window\WindowEventsManager\EventSystems\DropFile\DropFileEvent.h">
      <Filter>include\engine\base</Filter>
    </ClInclude>
    <ClInclude Include="Engine\Platform\Windows\Graphic\DirectXCommon\Descriptors\DsvDescriptorHeap.h">
      <Filter>include\engine\base</Filter>
    </ClInclude>
    <ClInclude Include="Editor\UI\View\EngineProfileView.h">
      <Filter>include\editor</Filter>
    </ClInclude>
    <ClInclude Include="Engine\Core\Entity\EntityManager.h">
      <Filter>include\engine\base</Filter>
    </ClInclude>
    <ClInclude Include="Engine\Core\Error\ErrorList.h">
      <Filter>include\engine\base</Filter>
    </ClInclude>
    <ClInclude Include="Engine\Platform\Windows\Window\WindowEventsManager\EventSystems\ExitApp\ExitAppEvent.h">
      <Filter>include\engine\base</Filter>
    </ClInclude>
    <ClInclude Include="Engine\Platform\Windows\Graphic\DirectXCommon\Fence\Fence.h">
      <Filter>include\engine\base</Filter>
    </ClInclude>
    <ClInclude Include="Engine\Platform\Windows\AppUtility\FileSystems\FileUtility.h">
      <Filter>include\engine\base</Filter>
    </ClInclude>
    <ClInclude Include="Engine\Platform\Windows\Physics\Force.h">
      <Filter>include\engine\base</Filter>
    </ClInclude>
    <ClInclude Include="Engine\Platform\Windows\AppUtility\DebugTool\FrameCounter.h">
      <Filter>include\engine\base</Filter>
    </ClInclude>
    <ClInclude Include="Engine\Platform\Windows\Window\GameWindow.h">
      <Filter>include\engine\base</Filter>
    </ClInclude>
    <ClInclude Include="Engine\Platform\Windows\Window\GameWindowManager.h">
      <Filter>include\engine\base</Filter>
    </ClInclude>
    <ClInclude Include="Engine\Platform\Windows\AppUtility\DirectX\GenerateDiscriptorHandle.h">
      <Filter>include\engine\base</Filter>
    </ClInclude>
    <ClInclude Include="Engine\Platform\Windows\Graphic\Pipeline\GraphicPipelineManager.h">
      <Filter>include\engine\base</Filter>
    </ClInclude>
    <ClInclude Include="Engine\Platform\Windows\Renderer\GraphRenderer.h">
      <Filter>include\engine\base</Filter>
    </ClInclude>
    <ClInclude Include="Engine\Platform\Windows\AppUtility\String\HwndConvertString.h">
      <Filter>include\engine\base</Filter>
    </ClInclude>
    <ClInclude Include="Engine\Core\Entity\Component\IComponentStrage.h">
      <Filter>include\engine\base</Filter>
    </ClInclude>
    <ClInclude Include="Engine\Platform\Windows\Graphic\DirectXCommon\Descriptors\IDescriptorHeap.h">
      <Filter>include\engine\base</Filter>
    </ClInclude>
    <ClInclude Include="Engine\Core\IEngineCore.h">
      <Filter>include\engine\base</Filter>
    </ClInclude>
    <ClInclude Include="Engine\Platform\Windows\Scene\SceneManager.h">
      <Filter>include\engine\scene</Filter>
    </ClInclude>
    <ClInclude Include="Engine\Platform\Windows\Scene\SceneObject.h">
      <Filter>include\engine\scene</Filter>
    </ClInclude>
    <ClInclude Include="Engine\Platform\Windows\Scene\Data\SceneObjectData.h">
      <Filter>include\engine\scene</Filter>
    </ClInclude>
    <ClInclude Include="Engine\Platform\Windows\Window\WindowEventsManager\EventSystems\IEvent.h">
      <Filter>include\engine\base</Filter>
    </ClInclude>
    <ClInclude Include="Engine\Core\Window\IGameWindow.h">
      <Filter>include\engine\base</Filter>
    </ClInclude>
    <ClInclude Include="Engine\Core\Window\IGameWindowManager.h">
      <Filter>include\engine\base</Filter>
    </ClInclude>
    <ClInclude Include="Engine\Core\Graphic\IGraphicCommon.h">
      <Filter>include\engine\base</Filter>
    </ClInclude>
    <ClInclude Include="Engine\Platform\Windows\AppUtility\DirectX\InitializeSwapChainBuffer.h">
      <Filter>include\engine\base</Filter>
    </ClInclude>
    <ClInclude Include="Engine\Platform\Windows\Graphic\Pipeline\PSO\InputLayout.h">
      <Filter>include\engine\base</Filter>
    </ClInclude>
    <ClInclude Include="Engine\Platform\Windows\Scene\IScene.h">
      <Filter>include\engine\base</Filter>
    </ClInclude>
    <ClInclude Include="Editor\UI\File\LoadScene.h">
      <Filter>include\engine\base</Filter>
    </ClInclude>
    <ClInclude Include="Engine\Platform\Windows\Assets\Script\LuaScriptOnQFE.h">
      <Filter>include\engine\base</Filter>
    </ClInclude>
    <ClInclude Include="Engine\Platform\Windows\Assets\Script\LuaScriptResourceManager.h">
      <Filter>include\engine\base</Filter>
    </ClInclude>
    <ClInclude Include="Engine\Object\Structs\ModelData.h">
      <Filter>include\engine\base</Filter>
    </ClInclude>
    <ClInclude Include="Engine\Platform\Windows\Assets\3DModel\Data\ModelData.h">
      <Filter>include\engine\base</Filter>
    </ClInclude>
    <ClInclude Include="Engine\Platform\Windows\Assets\3DModel\Data\ModelHandle.h">
      <Filter>include\engine\base</Filter>
    </ClInclude>
    <ClInclude Include="Engine\Platform\Windows\Assets\3DModel\Data\ModelMaterialData.h">
      <Filter>include\engine\base</Filter>
    </ClInclude>
    <ClInclude Include="Engine\Object\Structs\ModelMaterialData.h">
      <Filter>include\engine\base</Filter>
    </ClInclude>
    <ClInclude Include="Engine\Platform\Windows\Assets\3DModel\Data\ModelRenderData.h">
      <Filter>include\engine\base</Filter>
    </ClInclude>
    <ClInclude Include="Engine\Platform\Windows\Assets\3DModel\ModelRenderDataManager.h">
      <Filter>include\engine\base</Filter>
    </ClInclude>
    <ClInclude Include="Engine\Platform\Windows\Renderer\ModelRenderer.h">
      <Filter>include\engine\base</Filter>
    </ClInclude>
    <ClInclude Include="Engine\Platform\Windows\Assets\3DModel\ModelVertexResourceManager.h">
      <Filter>include\engine\base</Filter>
    </ClInclude>
    <ClInclude Include="Engine\Platform\Windows\AppUtility\DebugTool\DebugLog\MyDebugLog.h">
      <Filter>include\engine\base</Filter>
    </ClInclude>
    <ClInclude Include="Engine\Core\Math\MyMath.h">
      <Filter>include\engine\base</Filter>
    </ClInclude>
    <ClInclude Include="Engine\Core\Math\MyRandomNum.h">
      <Filter>include\engine\base</Filter>
    </ClInclude>
    <ClInclude Include="Engine\Utility\String\MyString.h">
      <Filter>include\engine\base</Filter>
    </ClInclude>
    <ClInclude Include="Engine\Utility\DesignPatterns\Observer.h">
      <Filter>include\engine\base</Filter>
    </ClInclude>
    <ClInclude Include="Engine\Platform\Windows\Graphic\PostEffect\OffScreen\OffScreenResourceManager.h">
      <Filter>include\engine\base</Filter>
    </ClInclude>
    <ClInclude Include="Engine\Platform\Windows\Window\WindowEventsManager\EventSystems\OnFocus\OnFocusEvent.h">
      <Filter>include\engine\base</Filter>
    </ClInclude>
    <ClInclude Include="Editor\OnWindowsEditor.h">
      <Filter>include\engine\base</Filter>
    </ClInclude>
    <ClInclude Include="Engine\Core\Math\ParentData.h">
      <Filter>include\engine\base</Filter>
    </ClInclude>
    <ClInclude Include="Engine\Platform\Windows\Physics\PhysicsManager.h">
      <Filter>include\engine\base</Filter>
    </ClInclude>
    <ClInclude Include="Engine\Platform\Windows\Graphic\Pipeline\PSO\PipelineStateObject.h">
      <Filter>include\engine\base</Filter>
    </ClInclude>
    <ClInclude Include="Engine\Base\DirectX\PostProcess.h">
      <Filter>include\engine\base</Filter>
    </ClInclude>
    <ClInclude Include="Engine\Core\Math\Quaternion\Quaternion.h">
      <Filter>include\engine\base</Filter>
    </ClInclude>
    <ClInclude Include="Engine\QuickForgeEngine.h">
      <Filter>include\engine\base</Filter>
    </ClInclude>
    <ClInclude Include="Engine\Platform\Windows\Graphic\PostEffect\RendaringPostprocess.h">
      <Filter>include\engine\base</Filter>
    </ClInclude>
    <ClInclude Include="Engine\Platform\Windows\Assets\ResourceDirectoryManager.h">
      <Filter>include\engine\base</Filter>
    </ClInclude>
    <ClInclude Include="Engine\Platform\Windows\Graphic\Pipeline\PSO\RootParameter.h">
      <Filter>include\engine\base</Filter>
    </ClInclude>
    <ClInclude Include="Engine\Platform\Windows\Graphic\DirectXCommon\Descriptors\RtvDescriptorHeap.h">
      <Filter>include\engine\base</Filter>
    </ClInclude>
    <ClInclude Include="Editor\UI\File\SaveScene.h">
      <Filter>include\engine\base</Filter>
    </ClInclude>
    <ClInclude Include="Engine\Platform\Windows\Assets\Script\Data\ScriptHandle.h">
      <Filter>include\engine\base</Filter>
    </ClInclude>
    <ClInclude Include="Engine\Platform\Windows\Graphic\Pipeline\PSO\ShaderCompiler.h">
      <Filter>include\engine\base</Filter>
    </ClInclude>
    <ClInclude Include="Engine\Core\Math\Shapes.h">
      <Filter>include\engine\base</Filter>
    </ClInclude>
    <ClInclude Include="Engine\Utility\DesignPatterns\Singleton.h">
      <Filter>include\engine\base</Filter>
    </ClInclude>
    <ClInclude Include="Engine\Platform\Windows\Collider\Data\SphereColliderData.h">
      <Filter>include\engine\base</Filter>
    </ClInclude>
    <ClInclude Include="Engine\Platform\Windows\Assets\Sprite\Data\SpriteData.h">
      <Filter>include\engine\base</Filter>
    </ClInclude>
    <ClInclude Include="Engine\Platform\Windows\Assets\Sprite\SpriteManager.h">
      <Filter>include\engine\base</Filter>
    </ClInclude>
    <ClInclude Include="Engine\Platform\Windows\Renderer\SpriteRenderer.h">
      <Filter>include\engine\base</Filter>
    </ClInclude>
    <ClInclude Include="Engine\Platform\Windows\Graphic\DirectXCommon\Descriptors\SrvDescriptorHeap.h">
      <Filter>include\engine\base</Filter>
    </ClInclude>
    <ClInclude Include="Engine\Utility\String\StringLiblary.h">
      <Filter>include\engine\base</Filter>
    </ClInclude>
    <ClInclude Include="Engine\Platform\Windows\Graphic\ShaderBuffer\StructuredBuffer.h">
      <Filter>include\engine\base</Filter>
    </ClInclude>
    <ClInclude Include="Engine\Utility\DesignPatterns\Subject.h">
      <Filter>include\engine\base</Filter>
    </ClInclude>
    <ClInclude Include="Engine\Platform\Windows\Graphic\DirectXCommon\SwapChain\SwapChain.h">
      <Filter>include\engine\base</Filter>
    </ClInclude>
    <ClInclude Include="Engine\Platform\Windows\Assets\2DTexture\TextureManager.h">
      <Filter>include\engine\base</Filter>
    </ClInclude>
    <ClInclude Include="Engine\Platform\Windows\AppUtility\DirectX\TransitionResourceBarrier.h">
      <Filter>include\engine\base</Filter>
    </ClInclude>
    <ClInclude Include="Engine\Platform\Windows\AppUtility\ID\UniqeIDManager.h">
      <Filter>include\engine\base</Filter>
    </ClInclude>
    <ClInclude Include="Engine\Platform\Windows\Graphic\ShaderBuffer\VertexBuffer.h">
      <Filter>include\engine\base</Filter>
    </ClInclude>
    <ClInclude Include="Engine\Platform\Windows\AppUtility\DebugTool\App\WinAppDebugCore.h">
      <Filter>include\engine\base</Filter>
    </ClInclude>
    <ClInclude Include="Engine\Platform\Windows\Window\WindowGenerater\Data\WindowConfigData.h">
      <Filter>include\engine\base</Filter>
    </ClInclude>
    <ClInclude Include="Engine\Platform\Windows\Window\WindowEventsManager\WindowEventsManager.h">
      <Filter>include\engine\base</Filter>
    </ClInclude>
    <ClInclude Include="Engine\Platform\Windows\Window\WindowGenerater\WindowGenerater.h">
      <Filter>include\engine\base</Filter>
    </ClInclude>
    <ClInclude Include="Engine\Platform\Windows\WindowsEngineCore.h">
      <Filter>include\engine\base</Filter>
    </ClInclude>
    <ClInclude Include="Editor\UI\UIManager.h">
      <Filter>include\editor</Filter>
    </ClInclude>
    <ClInclude Include="Engine\Platform\Windows\Assets\AudioSource\AudioSourceManager.h" />
    <ClInclude Include="Engine\Platform\Windows\Assets\AudioSource\Loader\MultiAudioLoader.h" />
    <ClInclude Include="Engine\Platform\Windows\Assets\AudioSource\Data\AudioData.h" />
    <ClInclude Include="Engine\Platform\Windows\Audio\Core\XAudioCore.h" />
    <ClInclude Include="Engine\Platform\Windows\Audio\Core\AudioType.h" />
    <ClInclude Include="Engine\Platform\Windows\Audio\AudioInterface.h" />
    <ClInclude Include="Engine\Platform\Windows\Audio\IAudioInterface.h" />
    <ClInclude Include="Engine\Platform\Windows\Audio\Core\ChunkHeader.h" />
    <ClInclude Include="Engine\Platform\Windows\Audio\Core\FormatChunk.h" />
    <ClInclude Include="Engine\Platform\Windows\Audio\Core\RiffHeader.h" />
    <ClInclude Include="Engine\Platform\Windows\Collider\Data\AABBColliderData.h" />
    <ClInclude Include="Engine\Platform\Windows\Audio\Player\AudioPlayChip.h" />
    <ClInclude Include="Engine\Platform\Windows\Audio\Player\AudioChipManager.h" />
    <ClInclude Include="Engine\Platform\Windows\Input\InputInterface.h" />
    <ClInclude Include="Engine\Platform\Windows\Input\KeyConfig.h" />
    <ClInclude Include="Editor\UI\Edit\KeyConfigEdit.h" />
    <ClInclude Include="Engine\Platform\Windows\AppUtility\String\DirectInputToString.h" />
    <ClInclude Include="Engine\Platform\Windows\AppUtility\MultiThreadRunFunction.h" />
    <ClInclude Include="Engine\Platform\Windows\AppUtility\MultiThreadTaskExecutor.h" />
    <ClInclude Include="Editor\UI\Edit\PostprocessEdit.h" />
    <ClInclude Include="Engine\Platform\Windows\Assets\Script\QFElinker\LuaScriptOnQFESetStructBase.h" />
    <ClInclude Include="Engine\Platform\Windows\Assets\Script\QFElinker\LuaScriptOnQFESetGetterBase.h" />
    <ClInclude Include="Engine\Platform\Windows\Assets\Script\QFElinker\LuaScriptOnQFESetSubModuleBase.h" />
    <ClInclude Include="Engine\Platform\Windows\Assets\Script\QFElinker\LuaScriptOnQFESetSceneFunction.h" />
    <ClInclude Include="Engine\Platform\Windows\Assets\Script\QFElinker\SetQFELinkers.h" />
    <ClInclude Include="Engine\Platform\Windows\Assets\Script\QFElinker\LuaScriptOnQFESetUtilities.h" />
    <ClInclude Include="Engine\Platform\Windows\Assets\Script\QFElinker\LuaScriptOnQEFSetMyMath.h" />
    <ClInclude Include="Editor\UI\View\ScriptLoggerView.h" />
    <ClInclude Include="Engine\Platform\Windows\Assets\Animeter\AnimCrip.h" />
    <ClInclude Include="Engine\Platform\Windows\Assets\Animeter\KeyFrame.h" />
    <ClInclude Include="Engine\Platform\Windows\Assets\Animeter\AnimationManager.h" />
    <ClInclude Include="Editor\UI\Edit\ColliderMaskEdit.h" />
    <ClInclude Include="Engine\Platform\Windows\Collider\ColliderMask.h" />
    <ClInclude Include="Editor\UI\View\SceneProfileView.h" />
    <ClInclude Include="Engine\Platform\Windows\Input\XInput\XInputController.h" />
    <ClInclude Include="Engine\Utility\memory\SparseSets.h" />
    <ClInclude Include="Engine\Platform\Windows\Assets\Script\QFElinker\CsharpOnQFELinker.h" />
    <ClInclude Include="Engine\Platform\Windows\Assets\Script\QFElinker\CsharpProjectManager.h" />
    <ClInclude Include="Engine\Platform\Windows\Assets\Script\CsharpCmpiler.h" />
    <ClInclude Include="Engine\Platform\Windows\Assets\Script\CsharpVirtualEnvironmentOnQFE.h" />
    <ClInclude Include="Engine\Platform\Windows\Assets\Script\Data\CsharpComponent.h" />
  </ItemGroup>
  <ItemGroup>
    <None Include="Engine\Resources\Shaders\ShaderStructs\Particle.hlsli">
      <Filter>shader</Filter>
    </None>
    <None Include="Engine\Resources\Shaders\ShaderStructs\Object3d.hlsli">
      <Filter>shader</Filter>
    </None>
    <None Include="Engine\Externals\imgui\ImGuizmo-1.83\.editorconfig">
      <Filter>build</Filter>
    </None>
    <None Include=".editorconfig">
      <Filter>build</Filter>
    </None>
    <None Include="Engine\Resources\Shaders\ShaderStructs\Font.hlsli">
      <Filter>shader</Filter>
    </None>
    <None Include="GenerateBuildInfo.bat">
      <Filter>build</Filter>
    </None>
    <None Include="Engine\Externals\imgui\imgui-node-editor-0.9.3\imgui_bezier_math.inl">
      <Filter>imgui</Filter>
    </None>
    <None Include="Engine\Externals\imgui\imgui-node-editor-0.9.3\imgui_extra_math.inl">
      <Filter>imgui</Filter>
    </None>
    <None Include="Engine\Externals\imgui\imgui-node-editor-0.9.3\imgui_node_editor_internal.inl">
      <Filter>imgui</Filter>
    </None>
    <None Include="Engine\Externals\imgui\ImGuizmo-1.83\Makefile">
      <Filter>external\sol2</Filter>
    </None>
    <None Include="Resources\2DMap\testCSV.csv" />
  </ItemGroup>
  <ItemGroup>
    <Filter Include="external">
      <UniqueIdentifier>{04d97f71-0c6a-4835-8197-10694b3a2a61}</UniqueIdentifier>
    </Filter>
    <Filter Include="include">
      <UniqueIdentifier>{847a60d9-0464-4879-b784-52282efba6ff}</UniqueIdentifier>
    </Filter>
    <Filter Include="source">
      <UniqueIdentifier>{d488cda0-cbdd-4dc3-911c-ee5509f61042}</UniqueIdentifier>
    </Filter>
    <Filter Include="shader">
      <UniqueIdentifier>{dcdf0b2d-6897-4b17-96fb-f5d506710344}</UniqueIdentifier>
    </Filter>
    <Filter Include="build">
      <UniqueIdentifier>{f06eda49-4495-4e9a-bb27-a2654e02a94b}</UniqueIdentifier>
    </Filter>
    <Filter Include="resource">
      <UniqueIdentifier>{71f15fe4-df7c-49d5-8032-c239c63eaff5}</UniqueIdentifier>
    </Filter>
    <Filter Include="imgui">
      <UniqueIdentifier>{d848c35c-c8e3-4878-92a8-0d024adfd35b}</UniqueIdentifier>
    </Filter>
    <Filter Include="external\sol2">
      <UniqueIdentifier>{db7cba81-26ae-4d3d-b70c-f0ebe62fbfcc}</UniqueIdentifier>
    </Filter>
    <Filter Include="include\engine">
      <UniqueIdentifier>{de2280ba-2882-4a04-b959-7d0e2bccc500}</UniqueIdentifier>
    </Filter>
    <Filter Include="include\editor">
      <UniqueIdentifier>{c19b4dfe-e973-4248-a5a2-5955764c8a08}</UniqueIdentifier>
    </Filter>
    <Filter Include="include\engine\math">
      <UniqueIdentifier>{b80d24f0-69ba-4502-9bfd-ab1d960386f0}</UniqueIdentifier>
    </Filter>
    <Filter Include="include\engine\scene">
      <UniqueIdentifier>{9bd0b008-be25-4620-aaa7-5b86380a91cb}</UniqueIdentifier>
    </Filter>
    <Filter Include="include\engine\base">
      <UniqueIdentifier>{3252f5d6-fc6b-4c37-be62-230bb294f91a}</UniqueIdentifier>
    </Filter>
    <Filter Include="source\engine">
      <UniqueIdentifier>{8f0d9052-2557-47a5-b4e2-a1a9db82b76d}</UniqueIdentifier>
    </Filter>
    <Filter Include="source\editor">
      <UniqueIdentifier>{25afd7fb-ccb2-4bd6-be68-2986e73d1621}</UniqueIdentifier>
    </Filter>
    <Filter Include="source\engine\math">
      <UniqueIdentifier>{812ed963-f5b2-44a4-b15a-d36a8f5e253a}</UniqueIdentifier>
    </Filter>
    <Filter Include="source\engine\base">
      <UniqueIdentifier>{1a897b1c-3cb2-470f-85c4-4a36b3d8397f}</UniqueIdentifier>
    </Filter>
    <Filter Include="source\engine\scene">
      <UniqueIdentifier>{c171b325-ee4a-44b5-96fc-b2dc34c4a660}</UniqueIdentifier>
    </Filter>
  </ItemGroup>
  <ItemGroup>
    <Text Include="Resources\EnemyData\EnemySpone.txt">
      <Filter>resource</Filter>
    </Text>
  </ItemGroup>
</Project>